// !$*UTF8*$!
{
	archiveVersion = 1;
	classes = {
	};
	objectVersion = 46;
	objects = {

/* Begin PBXBuildFile section */
		63085A4E1F3F6E1500E6BCF9 /* PresentFirstDeclensionVerb.txt in Resources */ = {isa = PBXBuildFile; fileRef = 63085A4D1F3F6E1500E6BCF9 /* PresentFirstDeclensionVerb.txt */; };
		630AF9AF1F40651A003832BD /* PresentMediopassiveFirstDeclensionVerb.txt in Resources */ = {isa = PBXBuildFile; fileRef = 630AF9AE1F40651A003832BD /* PresentMediopassiveFirstDeclensionVerb.txt */; };
		6319E27D1F3BB74000385EAC /* SpinController.swift in Sources */ = {isa = PBXBuildFile; fileRef = 6319E27C1F3BB74000385EAC /* SpinController.swift */; };
		6351B1F01F38B93C00578E3B /* IndefiniteArticles.txt in Resources */ = {isa = PBXBuildFile; fileRef = 6351B1EF1F38B93C00578E3B /* IndefiniteArticles.txt */; };
		63958E971F37B0B900E258E5 /* FileImporter.swift in Sources */ = {isa = PBXBuildFile; fileRef = 63958E961F37B0B900E258E5 /* FileImporter.swift */; };
		63958E991F37B12200E258E5 /* DefiniteArticles.txt in Resources */ = {isa = PBXBuildFile; fileRef = 63958E981F37B12200E258E5 /* DefiniteArticles.txt */; };
		63DFE9C11F43952000A2685B /* PresentSecondDeclensionVerbFirst.txt in Resources */ = {isa = PBXBuildFile; fileRef = 63DFE9C01F43952000A2685B /* PresentSecondDeclensionVerbFirst.txt */; };
		63DFE9C31F4395CB00A2685B /* PresentSecondDeclensionVerbSecond.txt in Resources */ = {isa = PBXBuildFile; fileRef = 63DFE9C21F4395CB00A2685B /* PresentSecondDeclensionVerbSecond.txt */; };
		63F7C1071F3117D1008BD228 /* AppDelegate.swift in Sources */ = {isa = PBXBuildFile; fileRef = 63F7C1061F3117D1008BD228 /* AppDelegate.swift */; };
		63F7C1091F3117D1008BD228 /* ViewController.swift in Sources */ = {isa = PBXBuildFile; fileRef = 63F7C1081F3117D1008BD228 /* ViewController.swift */; };
		63F7C10C1F3117D1008BD228 /* Main.storyboard in Resources */ = {isa = PBXBuildFile; fileRef = 63F7C10A1F3117D1008BD228 /* Main.storyboard */; };
		63F7C10E1F3117D1008BD228 /* Assets.xcassets in Resources */ = {isa = PBXBuildFile; fileRef = 63F7C10D1F3117D1008BD228 /* Assets.xcassets */; };
		63F7C1111F3117D1008BD228 /* LaunchScreen.storyboard in Resources */ = {isa = PBXBuildFile; fileRef = 63F7C10F1F3117D1008BD228 /* LaunchScreen.storyboard */; };
		63F7C1211F311906008BD228 /* LangSys.swift in Sources */ = {isa = PBXBuildFile; fileRef = 63F7C1201F311906008BD228 /* LangSys.swift */; };
/* End PBXBuildFile section */

/* Begin PBXFileReference section */
		63085A4D1F3F6E1500E6BCF9 /* PresentFirstDeclensionVerb.txt */ = {isa = PBXFileReference; fileEncoding = 4; lastKnownFileType = text; name = PresentFirstDeclensionVerb.txt; path = ../PresentFirstDeclensionVerb.txt; sourceTree = "<group>"; };
		630AF9AE1F40651A003832BD /* PresentMediopassiveFirstDeclensionVerb.txt */ = {isa = PBXFileReference; fileEncoding = 4; lastKnownFileType = text; name = PresentMediopassiveFirstDeclensionVerb.txt; path = ../PresentMediopassiveFirstDeclensionVerb.txt; sourceTree = "<group>"; };
		6319E27C1F3BB74000385EAC /* SpinController.swift */ = {isa = PBXFileReference; fileEncoding = 4; lastKnownFileType = sourcecode.swift; name = SpinController.swift; path = ../SpinController.swift; sourceTree = "<group>"; };
		6351B1EF1F38B93C00578E3B /* IndefiniteArticles.txt */ = {isa = PBXFileReference; fileEncoding = 4; lastKnownFileType = text; name = IndefiniteArticles.txt; path = ../IndefiniteArticles.txt; sourceTree = "<group>"; };
		63958E961F37B0B900E258E5 /* FileImporter.swift */ = {isa = PBXFileReference; fileEncoding = 4; lastKnownFileType = sourcecode.swift; name = FileImporter.swift; path = ../FileImporter.swift; sourceTree = "<group>"; };
		63958E981F37B12200E258E5 /* DefiniteArticles.txt */ = {isa = PBXFileReference; fileEncoding = 4; lastKnownFileType = text; name = DefiniteArticles.txt; path = ../DefiniteArticles.txt; sourceTree = "<group>"; };
		63DFE9C01F43952000A2685B /* PresentSecondDeclensionVerbFirst.txt */ = {isa = PBXFileReference; fileEncoding = 4; lastKnownFileType = text; name = PresentSecondDeclensionVerbFirst.txt; path = ../PresentSecondDeclensionVerbFirst.txt; sourceTree = "<group>"; };
		63DFE9C21F4395CB00A2685B /* PresentSecondDeclensionVerbSecond.txt */ = {isa = PBXFileReference; fileEncoding = 4; lastKnownFileType = text; name = PresentSecondDeclensionVerbSecond.txt; path = ../PresentSecondDeclensionVerbSecond.txt; sourceTree = "<group>"; };
		63F7C1031F3117D1008BD228 /* GreekPractice.app */ = {isa = PBXFileReference; explicitFileType = wrapper.application; includeInIndex = 0; path = GreekPractice.app; sourceTree = BUILT_PRODUCTS_DIR; };
		63F7C1061F3117D1008BD228 /* AppDelegate.swift */ = {isa = PBXFileReference; lastKnownFileType = sourcecode.swift; path = AppDelegate.swift; sourceTree = "<group>"; };
		63F7C1081F3117D1008BD228 /* ViewController.swift */ = {isa = PBXFileReference; lastKnownFileType = sourcecode.swift; path = ViewController.swift; sourceTree = "<group>"; };
		63F7C10B1F3117D1008BD228 /* Base */ = {isa = PBXFileReference; lastKnownFileType = file.storyboard; name = Base; path = Base.lproj/Main.storyboard; sourceTree = "<group>"; };
		63F7C10D1F3117D1008BD228 /* Assets.xcassets */ = {isa = PBXFileReference; lastKnownFileType = folder.assetcatalog; path = Assets.xcassets; sourceTree = "<group>"; };
		63F7C1101F3117D1008BD228 /* Base */ = {isa = PBXFileReference; lastKnownFileType = file.storyboard; name = Base; path = Base.lproj/LaunchScreen.storyboard; sourceTree = "<group>"; };
		63F7C1121F3117D1008BD228 /* Info.plist */ = {isa = PBXFileReference; lastKnownFileType = text.plist.xml; path = Info.plist; sourceTree = "<group>"; };
		63F7C1201F311906008BD228 /* LangSys.swift */ = {isa = PBXFileReference; fileEncoding = 4; lastKnownFileType = sourcecode.swift; name = LangSys.swift; path = ../LangSys.swift; sourceTree = "<group>"; };
/* End PBXFileReference section */

/* Begin PBXFrameworksBuildPhase section */
		63F7C1001F3117D1008BD228 /* Frameworks */ = {
			isa = PBXFrameworksBuildPhase;
			buildActionMask = 2147483647;
			files = (
			);
			runOnlyForDeploymentPostprocessing = 0;
		};
/* End PBXFrameworksBuildPhase section */

/* Begin PBXGroup section */
		630AF9AD1F4064AB003832BD /* Articles */ = {
			isa = PBXGroup;
			children = (
				63958E981F37B12200E258E5 /* DefiniteArticles.txt */,
				6351B1EF1F38B93C00578E3B /* IndefiniteArticles.txt */,
			);
			name = Articles;
			sourceTree = "<group>";
		};
		63F7C0FA1F3117D1008BD228 = {
			isa = PBXGroup;
			children = (
				63F7C1051F3117D1008BD228 /* GreekPractice */,
				63F7C1041F3117D1008BD228 /* Products */,
			);
			sourceTree = "<group>";
		};
		63F7C1041F3117D1008BD228 /* Products */ = {
			isa = PBXGroup;
			children = (
				63F7C1031F3117D1008BD228 /* GreekPractice.app */,
			);
			name = Products;
			sourceTree = "<group>";
		};
		63F7C1051F3117D1008BD228 /* GreekPractice */ = {
			isa = PBXGroup;
			children = (
				63F7C1061F3117D1008BD228 /* AppDelegate.swift */,
				63F7C1081F3117D1008BD228 /* ViewController.swift */,
				6319E27C1F3BB74000385EAC /* SpinController.swift */,
				63F7C10A1F3117D1008BD228 /* Main.storyboard */,
				63F7C10D1F3117D1008BD228 /* Assets.xcassets */,
				63F7C10F1F3117D1008BD228 /* LaunchScreen.storyboard */,
				63F7C1121F3117D1008BD228 /* Info.plist */,
				63F7C1221F311973008BD228 /* Content Classes */,
			);
			path = GreekPractice;
			sourceTree = "<group>";
		};
		63F7C1221F311973008BD228 /* Content Classes */ = {
			isa = PBXGroup;
			children = (
				63DFE9C21F4395CB00A2685B /* PresentSecondDeclensionVerbSecond.txt */,
				63DFE9C01F43952000A2685B /* PresentSecondDeclensionVerbFirst.txt */,
				630AF9AE1F40651A003832BD /* PresentMediopassiveFirstDeclensionVerb.txt */,
				63085A4D1F3F6E1500E6BCF9 /* PresentFirstDeclensionVerb.txt */,
				630AF9AD1F4064AB003832BD /* Articles */,
				63F7C1201F311906008BD228 /* LangSys.swift */,
				63958E961F37B0B900E258E5 /* FileImporter.swift */,
			);
			name = "Content Classes";
			sourceTree = "<group>";
		};
/* End PBXGroup section */

/* Begin PBXNativeTarget section */
		63F7C1021F3117D1008BD228 /* GreekPractice */ = {
			isa = PBXNativeTarget;
			buildConfigurationList = 63F7C1151F3117D1008BD228 /* Build configuration list for PBXNativeTarget "GreekPractice" */;
			buildPhases = (
				63F7C0FF1F3117D1008BD228 /* Sources */,
				63F7C1001F3117D1008BD228 /* Frameworks */,
				63F7C1011F3117D1008BD228 /* Resources */,
			);
			buildRules = (
			);
			dependencies = (
			);
			name = GreekPractice;
			productName = GreekPractice;
			productReference = 63F7C1031F3117D1008BD228 /* GreekPractice.app */;
			productType = "com.apple.product-type.application";
		};
/* End PBXNativeTarget section */

/* Begin PBXProject section */
		63F7C0FB1F3117D1008BD228 /* Project object */ = {
			isa = PBXProject;
			attributes = {
				LastSwiftUpdateCheck = 0830;
				LastUpgradeCheck = 0830;
				ORGANIZATIONNAME = "Ward&Laos";
				TargetAttributes = {
					63F7C1021F3117D1008BD228 = {
						CreatedOnToolsVersion = 8.3.3;
						DevelopmentTeam = 96265SXRJZ;
						ProvisioningStyle = Automatic;
					};
				};
			};
			buildConfigurationList = 63F7C0FE1F3117D1008BD228 /* Build configuration list for PBXProject "GreekPractice" */;
			compatibilityVersion = "Xcode 3.2";
			developmentRegion = English;
			hasScannedForEncodings = 0;
			knownRegions = (
				en,
				Base,
			);
			mainGroup = 63F7C0FA1F3117D1008BD228;
			productRefGroup = 63F7C1041F3117D1008BD228 /* Products */;
			projectDirPath = "";
			projectRoot = "";
			targets = (
				63F7C1021F3117D1008BD228 /* GreekPractice */,
			);
		};
/* End PBXProject section */

/* Begin PBXResourcesBuildPhase section */
		63F7C1011F3117D1008BD228 /* Resources */ = {
			isa = PBXResourcesBuildPhase;
			buildActionMask = 2147483647;
			files = (
				63DFE9C11F43952000A2685B /* PresentSecondDeclensionVerbFirst.txt in Resources */,
				63F7C1111F3117D1008BD228 /* LaunchScreen.storyboard in Resources */,
				6351B1F01F38B93C00578E3B /* IndefiniteArticles.txt in Resources */,
				63F7C10E1F3117D1008BD228 /* Assets.xcassets in Resources */,
				63F7C10C1F3117D1008BD228 /* Main.storyboard in Resources */,
				63085A4E1F3F6E1500E6BCF9 /* PresentFirstDeclensionVerb.txt in Resources */,
				63958E991F37B12200E258E5 /* DefiniteArticles.txt in Resources */,
				630AF9AF1F40651A003832BD /* PresentMediopassiveFirstDeclensionVerb.txt in Resources */,
				63DFE9C31F4395CB00A2685B /* PresentSecondDeclensionVerbSecond.txt in Resources */,
			);
			runOnlyForDeploymentPostprocessing = 0;
		};
/* End PBXResourcesBuildPhase section */

/* Begin PBXSourcesBuildPhase section */
		63F7C0FF1F3117D1008BD228 /* Sources */ = {
			isa = PBXSourcesBuildPhase;
			buildActionMask = 2147483647;
			files = (
				63F7C1091F3117D1008BD228 /* ViewController.swift in Sources */,
				63F7C1211F311906008BD228 /* LangSys.swift in Sources */,
				63F7C1071F3117D1008BD228 /* AppDelegate.swift in Sources */,
				63958E971F37B0B900E258E5 /* FileImporter.swift in Sources */,
				6319E27D1F3BB74000385EAC /* SpinController.swift in Sources */,
			);
			runOnlyForDeploymentPostprocessing = 0;
		};
/* End PBXSourcesBuildPhase section */

/* Begin PBXVariantGroup section */
		63F7C10A1F3117D1008BD228 /* Main.storyboard */ = {
			isa = PBXVariantGroup;
			children = (
				63F7C10B1F3117D1008BD228 /* Base */,
			);
			name = Main.storyboard;
			sourceTree = "<group>";
		};
		63F7C10F1F3117D1008BD228 /* LaunchScreen.storyboard */ = {
			isa = PBXVariantGroup;
			children = (
				63F7C1101F3117D1008BD228 /* Base */,
			);
			name = LaunchScreen.storyboard;
			sourceTree = "<group>";
		};
/* End PBXVariantGroup section */

/* Begin XCBuildConfiguration section */
		63F7C1131F3117D1008BD228 /* Debug */ = {
			isa = XCBuildConfiguration;
			buildSettings = {
				ALWAYS_SEARCH_USER_PATHS = NO;
				CLANG_ANALYZER_NONNULL = YES;
				CLANG_ANALYZER_NUMBER_OBJECT_CONVERSION = YES_AGGRESSIVE;
				CLANG_CXX_LANGUAGE_STANDARD = "gnu++0x";
				CLANG_CXX_LIBRARY = "libc++";
				CLANG_ENABLE_MODULES = YES;
				CLANG_ENABLE_OBJC_ARC = YES;
				CLANG_WARN_BOOL_CONVERSION = YES;
				CLANG_WARN_CONSTANT_CONVERSION = YES;
				CLANG_WARN_DIRECT_OBJC_ISA_USAGE = YES_ERROR;
				CLANG_WARN_DOCUMENTATION_COMMENTS = YES;
				CLANG_WARN_EMPTY_BODY = YES;
				CLANG_WARN_ENUM_CONVERSION = YES;
				CLANG_WARN_INFINITE_RECURSION = YES;
				CLANG_WARN_INT_CONVERSION = YES;
				CLANG_WARN_OBJC_ROOT_CLASS = YES_ERROR;
				CLANG_WARN_SUSPICIOUS_MOVE = YES;
				CLANG_WARN_UNREACHABLE_CODE = YES;
				CLANG_WARN__DUPLICATE_METHOD_MATCH = YES;
				"CODE_SIGN_IDENTITY[sdk=iphoneos*]" = "iPhone Developer";
				COPY_PHASE_STRIP = NO;
				DEBUG_INFORMATION_FORMAT = dwarf;
				ENABLE_STRICT_OBJC_MSGSEND = YES;
				ENABLE_TESTABILITY = YES;
				GCC_C_LANGUAGE_STANDARD = gnu99;
				GCC_DYNAMIC_NO_PIC = NO;
				GCC_NO_COMMON_BLOCKS = YES;
				GCC_OPTIMIZATION_LEVEL = 0;
				GCC_PREPROCESSOR_DEFINITIONS = (
					"DEBUG=1",
					"$(inherited)",
				);
				GCC_WARN_64_TO_32_BIT_CONVERSION = YES;
				GCC_WARN_ABOUT_RETURN_TYPE = YES_ERROR;
				GCC_WARN_UNDECLARED_SELECTOR = YES;
				GCC_WARN_UNINITIALIZED_AUTOS = YES_AGGRESSIVE;
				GCC_WARN_UNUSED_FUNCTION = YES;
				GCC_WARN_UNUSED_VARIABLE = YES;
				IPHONEOS_DEPLOYMENT_TARGET = 10.3;
				MTL_ENABLE_DEBUG_INFO = YES;
				ONLY_ACTIVE_ARCH = YES;
				SDKROOT = iphoneos;
				SWIFT_ACTIVE_COMPILATION_CONDITIONS = DEBUG;
				SWIFT_OPTIMIZATION_LEVEL = "-Onone";
			};
			name = Debug;
		};
		63F7C1141F3117D1008BD228 /* Release */ = {
			isa = XCBuildConfiguration;
			buildSettings = {
				ALWAYS_SEARCH_USER_PATHS = NO;
				CLANG_ANALYZER_NONNULL = YES;
				CLANG_ANALYZER_NUMBER_OBJECT_CONVERSION = YES_AGGRESSIVE;
				CLANG_CXX_LANGUAGE_STANDARD = "gnu++0x";
				CLANG_CXX_LIBRARY = "libc++";
				CLANG_ENABLE_MODULES = YES;
				CLANG_ENABLE_OBJC_ARC = YES;
				CLANG_WARN_BOOL_CONVERSION = YES;
				CLANG_WARN_CONSTANT_CONVERSION = YES;
				CLANG_WARN_DIRECT_OBJC_ISA_USAGE = YES_ERROR;
				CLANG_WARN_DOCUMENTATION_COMMENTS = YES;
				CLANG_WARN_EMPTY_BODY = YES;
				CLANG_WARN_ENUM_CONVERSION = YES;
				CLANG_WARN_INFINITE_RECURSION = YES;
				CLANG_WARN_INT_CONVERSION = YES;
				CLANG_WARN_OBJC_ROOT_CLASS = YES_ERROR;
				CLANG_WARN_SUSPICIOUS_MOVE = YES;
				CLANG_WARN_UNREACHABLE_CODE = YES;
				CLANG_WARN__DUPLICATE_METHOD_MATCH = YES;
				"CODE_SIGN_IDENTITY[sdk=iphoneos*]" = "iPhone Developer";
				COPY_PHASE_STRIP = NO;
				DEBUG_INFORMATION_FORMAT = "dwarf-with-dsym";
				ENABLE_NS_ASSERTIONS = NO;
				ENABLE_STRICT_OBJC_MSGSEND = YES;
				GCC_C_LANGUAGE_STANDARD = gnu99;
				GCC_NO_COMMON_BLOCKS = YES;
				GCC_WARN_64_TO_32_BIT_CONVERSION = YES;
				GCC_WARN_ABOUT_RETURN_TYPE = YES_ERROR;
				GCC_WARN_UNDECLARED_SELECTOR = YES;
				GCC_WARN_UNINITIALIZED_AUTOS = YES_AGGRESSIVE;
				GCC_WARN_UNUSED_FUNCTION = YES;
				GCC_WARN_UNUSED_VARIABLE = YES;
				IPHONEOS_DEPLOYMENT_TARGET = 10.3;
				MTL_ENABLE_DEBUG_INFO = NO;
				SDKROOT = iphoneos;
				SWIFT_OPTIMIZATION_LEVEL = "-Owholemodule";
				VALIDATE_PRODUCT = YES;
			};
			name = Release;
		};
		63F7C1161F3117D1008BD228 /* Debug */ = {
			isa = XCBuildConfiguration;
			buildSettings = {
				ASSETCATALOG_COMPILER_APPICON_NAME = AppIcon;
				DEVELOPMENT_TEAM = 96265SXRJZ;
				INFOPLIST_FILE = GreekPractice/Info.plist;
				LD_RUNPATH_SEARCH_PATHS = "$(inherited) @executable_path/Frameworks";
				PRODUCT_BUNDLE_IDENTIFIER = "com.Ward-Laos.GreekPractice";
				PRODUCT_NAME = "$(TARGET_NAME)";
				SWIFT_VERSION = 3.0;
			};
			name = Debug;
		};
		63F7C1171F3117D1008BD228 /* Release */ = {
			isa = XCBuildConfiguration;
			buildSettings = {
				ASSETCATALOG_COMPILER_APPICON_NAME = AppIcon;
				DEVELOPMENT_TEAM = 96265SXRJZ;
				INFOPLIST_FILE = GreekPractice/Info.plist;
				LD_RUNPATH_SEARCH_PATHS = "$(inherited) @executable_path/Frameworks";
				PRODUCT_BUNDLE_IDENTIFIER = "com.Ward-Laos.GreekPractice";
				PRODUCT_NAME = "$(TARGET_NAME)";
				SWIFT_VERSION = 3.0;
			};
			name = Release;
		};
/* End XCBuildConfiguration section */

/* Begin XCConfigurationList section */
		63F7C0FE1F3117D1008BD228 /* Build configuration list for PBXProject "GreekPractice" */ = {
			isa = XCConfigurationList;
			buildConfigurations = (
				63F7C1131F3117D1008BD228 /* Debug */,
				63F7C1141F3117D1008BD228 /* Release */,
			);
			defaultConfigurationIsVisible = 0;
			defaultConfigurationName = Release;
		};
		63F7C1151F3117D1008BD228 /* Build configuration list for PBXNativeTarget "GreekPractice" */ = {
			isa = XCConfigurationList;
			buildConfigurations = (
				63F7C1161F3117D1008BD228 /* Debug */,
				63F7C1171F3117D1008BD228 /* Release */,
			);
			defaultConfigurationIsVisible = 0;
			defaultConfigurationName = Release;
		};
/* End XCConfigurationList section */
	};
	rootObject = 63F7C0FB1F3117D1008BD228 /* Project object */;
}
